
Microsoft Visual Studio Solution File, Format Version 11.00
# Visual Studio 2010
Project("{FAE04EC0-301F-11D3-BF4B-00C04F79EFBC}") = "Unity.Timeline", "Unity.Timeline.csproj", "{7cad922c-fa2e-cff0-ffa6-fa4327452630}"
EndProject
Project("{FAE04EC0-301F-11D3-BF4B-00C04F79EFBC}") = "Unity.PlasticSCM.Editor", "Unity.PlasticSCM.Editor.csproj", "{04faf8b9-6651-7041-cf50-a78053b55569}"
EndProject
Project("{FAE04EC0-301F-11D3-BF4B-00C04F79EFBC}") = "Unity.2D.Aseprite.Editor", "Unity.2D.Aseprite.Editor.csproj", "{0a87300e-f520-1b0d-5b9c-d9bf0ecc8310}"
EndProject
Project("{FAE04EC0-301F-11D3-BF4B-00C04F79EFBC}") = "Unity.Mathematics", "Unity.Mathematics.csproj", "{8d9a1669-2549-5f1d-b15f-8012d03bfc3e}"
EndProject
Project("{FAE04EC0-301F-11D3-BF4B-00C04F79EFBC}") = "Unity.Timeline.Editor", "Unity.Timeline.Editor.csproj", "{b54aae38-d951-1f74-f16f-73381cdaad26}"
EndProject
Project("{FAE04EC0-301F-11D3-BF4B-00C04F79EFBC}") = "Unity.2D.Psdimporter.Editor", "Unity.2D.Psdimporter.Editor.csproj", "{7991e049-55f3-26c1-91bb-203daab7d83f}"
EndProject
Project("{FAE04EC0-301F-11D3-BF4B-00C04F79EFBC}") = "Unity.Collections", "Unity.Collections.csproj", "{b03c8840-193e-6776-e98e-927085cd1631}"
EndProject
Project("{FAE04EC0-301F-11D3-BF4B-00C04F79EFBC}") = "Unity.2D.IK.Runtime", "Unity.2D.IK.Runtime.csproj", "{354f3f23-fedd-3bb6-4c80-0dd3862d5cb3}"
EndProject
Project("{FAE04EC0-301F-11D3-BF4B-00C04F79EFBC}") = "Unity.VisualScripting.Core.Editor", "Unity.VisualScripting.Core.Editor.csproj", "{e39c0875-6ce9-7c92-3950-8d6d329ccba4}"
EndProject
Project("{FAE04EC0-301F-11D3-BF4B-00C04F79EFBC}") = "Unity.PerformanceTesting.Editor", "Unity.PerformanceTesting.Editor.csproj", "{0826dd4f-8ae5-52d0-cda8-8b467c6ccf3c}"
EndProject
Project("{FAE04EC0-301F-11D3-BF4B-00C04F79EFBC}") = "Unity.Burst", "Unity.Burst.csproj", "{24a5836e-2cef-6117-ba23-49a176624aa5}"
EndProject
Project("{FAE04EC0-301F-11D3-BF4B-00C04F79EFBC}") = "Unity.VisualScripting.Flow.Editor", "Unity.VisualScripting.Flow.Editor.csproj", "{28aff612-4b20-ee96-5cba-3ca50c29881b}"
EndProject
Project("{FAE04EC0-301F-11D3-BF4B-00C04F79EFBC}") = "Unity.2D.SpriteShape.Editor", "Unity.2D.SpriteShape.Editor.csproj", "{a33f5346-257a-50cc-2334-1f473c5a348f}"
EndProject
Project("{FAE04EC0-301F-11D3-BF4B-00C04F79EFBC}") = "Unity.VisualStudio.Editor", "Unity.VisualStudio.Editor.csproj", "{5d560932-863f-447a-45de-c91cb6d26f21}"
EndProject
Project("{FAE04EC0-301F-11D3-BF4B-00C04F79EFBC}") = "Unity.InputSystem", "Unity.InputSystem.csproj", "{1417c55d-ba4d-154d-135c-cd4237bb510a}"
EndProject
Project("{FAE04EC0-301F-11D3-BF4B-00C04F79EFBC}") = "Unity.2D.Animation.Editor", "Unity.2D.Animation.Editor.csproj", "{e384f09d-ac30-8980-c1cc-472ab19d61f1}"
EndProject
Project("{FAE04EC0-301F-11D3-BF4B-00C04F79EFBC}") = "Unity.Searcher.Editor", "Unity.Searcher.Editor.csproj", "{84520fbd-3a8d-b528-0ebc-359f8cce0d4b}"
EndProject
Project("{FAE04EC0-301F-11D3-BF4B-00C04F79EFBC}") = "Unity.2D.SpriteShape.Runtime", "Unity.2D.SpriteShape.Runtime.csproj", "{f4105d95-1b0d-9c09-a83c-670f69363a77}"
EndProject
Project("{FAE04EC0-301F-11D3-BF4B-00C04F79EFBC}") = "Unity.VisualScripting.Core", "Unity.VisualScripting.Core.csproj", "{bc1eb622-85e5-7000-a38d-93ddc01484b1}"
EndProject
Project("{FAE04EC0-301F-11D3-BF4B-00C04F79EFBC}") = "Unity.CollabProxy.Editor", "Unity.CollabProxy.Editor.csproj", "{b7d66904-ef83-9249-1af1-f918368c0bdb}"
EndProject
Project("{FAE04EC0-301F-11D3-BF4B-00C04F79EFBC}") = "Unity.VisualScripting.State.Editor", "Unity.VisualScripting.State.Editor.csproj", "{7c82e0da-850a-8dd0-74f2-9690c259e99a}"
EndProject
Project("{FAE04EC0-301F-11D3-BF4B-00C04F79EFBC}") = "Unity.Burst.CodeGen", "Unity.Burst.CodeGen.csproj", "{6758650b-4d43-95d4-47d4-b3a626ebbbe8}"
EndProject
Project("{FAE04EC0-301F-11D3-BF4B-00C04F79EFBC}") = "Unity.VisualScripting.Flow", "Unity.VisualScripting.Flow.csproj", "{0a40ec5e-a5c5-84c4-0408-b7c5380d38c5}"
EndProject
Project("{FAE04EC0-301F-11D3-BF4B-00C04F79EFBC}") = "Unity.PerformanceTesting", "Unity.PerformanceTesting.csproj", "{74014840-b2da-e097-4860-642ce1b5d70e}"
EndProject
Project("{FAE04EC0-301F-11D3-BF4B-00C04F79EFBC}") = "Unity.2D.Tilemap.Extras.Editor", "Unity.2D.Tilemap.Extras.Editor.csproj", "{11713255-4c42-2951-7b14-77949b2ba7c4}"
EndProject
Project("{FAE04EC0-301F-11D3-BF4B-00C04F79EFBC}") = "PsdPlugin", "PsdPlugin.csproj", "{83801ba0-c524-16b8-adad-4d8b8bbd43ad}"
EndProject
Project("{FAE04EC0-301F-11D3-BF4B-00C04F79EFBC}") = "Unity.2D.IK.Editor", "Unity.2D.IK.Editor.csproj", "{d32e62a0-0c22-46c1-8ab6-4ffc258cbea7}"
EndProject
Project("{FAE04EC0-301F-11D3-BF4B-00C04F79EFBC}") = "Unity.InternalAPIEngineBridge.001", "Unity.InternalAPIEngineBridge.001.csproj", "{1e19bd78-d0a1-ccac-e18e-02599bc10327}"
EndProject
Project("{FAE04EC0-301F-11D3-BF4B-00C04F79EFBC}") = "Unity.2D.Aseprite.Common", "Unity.2D.Aseprite.Common.csproj", "{fd389154-6618-704d-8968-8ee8596684ad}"
EndProject
Project("{FAE04EC0-301F-11D3-BF4B-00C04F79EFBC}") = "Unity.Burst.Editor", "Unity.Burst.Editor.csproj", "{7e30293f-1166-6067-08cf-cba8a88f7326}"
EndProject
Project("{FAE04EC0-301F-11D3-BF4B-00C04F79EFBC}") = "Unity.2D.Common.Path.Editor", "Unity.2D.Common.Path.Editor.csproj", "{97c0c372-c1ce-29a1-a7f8-2bb437a3ed62}"
EndProject
Project("{FAE04EC0-301F-11D3-BF4B-00C04F79EFBC}") = "Unity.2D.Common.Editor", "Unity.2D.Common.Editor.csproj", "{aa295c7e-231a-9143-46b2-46ba77f718a6}"
EndProject
Project("{FAE04EC0-301F-11D3-BF4B-00C04F79EFBC}") = "Unity.Rider.Editor", "Unity.Rider.Editor.csproj", "{98beb022-3235-bf3a-baca-e8b5b3c83287}"
EndProject
Project("{FAE04EC0-301F-11D3-BF4B-00C04F79EFBC}") = "Unity.VisualScripting.State", "Unity.VisualScripting.State.csproj", "{edefe532-ebf5-0ba0-d95c-6c637e62fd61}"
EndProject
Project("{FAE04EC0-301F-11D3-BF4B-00C04F79EFBC}") = "Unity.InternalAPIEditorBridge.001", "Unity.InternalAPIEditorBridge.001.csproj", "{23822bb8-8748-e778-b6be-350d76c760bf}"
EndProject
Project("{FAE04EC0-301F-11D3-BF4B-00C04F79EFBC}") = "Unity.2D.PixelPerfect.Editor", "Unity.2D.PixelPerfect.Editor.csproj", "{9f55e539-bf4f-a6f8-b47a-e418b0c63d0b}"
EndProject
Project("{FAE04EC0-301F-11D3-BF4B-00C04F79EFBC}") = "Unity.InputSystem.ForUI", "Unity.InputSystem.ForUI.csproj", "{48c23b4b-dbea-e888-adb6-425c85445f40}"
EndProject
Project("{FAE04EC0-301F-11D3-BF4B-00C04F79EFBC}") = "Unity.Collections.CodeGen", "Unity.Collections.CodeGen.csproj", "{0f1f5067-5c85-d750-9ee9-d5d65000a9b5}"
EndProject
Project("{FAE04EC0-301F-11D3-BF4B-00C04F79EFBC}") = "Unity.2D.Tilemap.Extras", "Unity.2D.Tilemap.Extras.csproj", "{021e3e85-27c7-ffbc-fd15-1de2e8a53ebf}"
EndProject
Project("{FAE04EC0-301F-11D3-BF4B-00C04F79EFBC}") = "Unity.2D.Animation.Runtime", "Unity.2D.Animation.Runtime.csproj", "{e74aa0a6-0152-325e-8c14-ddc2b012d7e4}"
EndProject
Project("{FAE04EC0-301F-11D3-BF4B-00C04F79EFBC}") = "Unity.Mathematics.Editor", "Unity.Mathematics.Editor.csproj", "{c49f441d-3f05-f48f-b95a-23770d354c85}"
EndProject
Project("{FAE04EC0-301F-11D3-BF4B-00C04F79EFBC}") = "Unity.VisualScripting.SettingsProvider.Editor", "Unity.VisualScripting.SettingsProvider.Editor.csproj", "{c7dcd9d3-b737-1a1c-a8cf-2a03b041af7f}"
EndProject
Project("{FAE04EC0-301F-11D3-BF4B-00C04F79EFBC}") = "Unity.InputSystem.TestFramework", "Unity.InputSystem.TestFramework.csproj", "{6767b9bc-2b6e-6e5f-216e-0b4bb0b530ec}"
EndProject
Project("{FAE04EC0-301F-11D3-BF4B-00C04F79EFBC}") = "Assembly-CSharp", "Assembly-CSharp.csproj", "{1bc9ed92-44e9-da80-b79c-69398e5cc3ee}"
EndProject
Project("{FAE04EC0-301F-11D3-BF4B-00C04F79EFBC}") = "Unity.VisualScripting.Shared.Editor", "Unity.VisualScripting.Shared.Editor.csproj", "{b50a5235-d50d-f202-55e2-4ff1e0864b37}"
EndProject
Project("{FAE04EC0-301F-11D3-BF4B-00C04F79EFBC}") = "Unity.2D.Common.Runtime", "Unity.2D.Common.Runtime.csproj", "{f32b75fe-b784-4dfb-54bb-086a8be8b3b1}"
EndProject
Project("{FAE04EC0-301F-11D3-BF4B-00C04F79EFBC}") = "Unity.2D.PixelPerfect", "Unity.2D.PixelPerfect.csproj", "{327750fb-9530-388f-2a7a-3afe60f3ff58}"
EndProject
Project("{FAE04EC0-301F-11D3-BF4B-00C04F79EFBC}") = "Unity.InputSystem.DocCodeSamples", "Unity.InputSystem.DocCodeSamples.csproj", "{e5c6a1eb-5508-2136-1574-d82ea40f5faf}"
EndProject
Project("{FAE04EC0-301F-11D3-BF4B-00C04F79EFBC}") = "ScriptablePacker", "ScriptablePacker.csproj", "{c29b586d-2edf-6ef5-34a5-181741bc3fd9}"
EndProject
Project("{FAE04EC0-301F-11D3-BF4B-00C04F79EFBC}") = "Unity.Collections.Editor", "Unity.Collections.Editor.csproj", "{5a8049b9-f2e1-a94b-ac52-c748def78773}"
EndProject
Project("{FAE04EC0-301F-11D3-BF4B-00C04F79EFBC}") = "Assembly-CSharp-Editor", "Assembly-CSharp-Editor.csproj", "{8e024f14-d985-65eb-c4c8-b86a3bf94275}"
EndProject
Project("{FAE04EC0-301F-11D3-BF4B-00C04F79EFBC}") = "Unity.Mathematics.Tests", "Unity.Mathematics.Tests.csproj", "{a3f6e73b-e4d0-ccc9-7464-8b03159ec73c}"
EndProject
Project("{FAE04EC0-301F-11D3-BF4B-00C04F79EFBC}") = "Unity.2D.Aseprite.EditorTests", "Unity.2D.Aseprite.EditorTests.csproj", "{0220f431-1b53-932c-6847-11b45d229b60}"
EndProject
Project("{FAE04EC0-301F-11D3-BF4B-00C04F79EFBC}") = "Unity.Collections.DocCodeSamples", "Unity.Collections.DocCodeSamples.csproj", "{0fd9ba77-dc58-3d1f-4e60-e034a9bb3fb0}"
EndProject
Project("{FAE04EC0-301F-11D3-BF4B-00C04F79EFBC}") = "Unity.2D.PixelPerfect.EditorTests", "Unity.2D.PixelPerfect.EditorTests.csproj", "{57f45b34-a2f0-e925-e6ee-b63695af3d61}"
EndProject
Project("{FAE04EC0-301F-11D3-BF4B-00C04F79EFBC}") = "Unity.2D.SpriteShape.EditorTests", "Unity.2D.SpriteShape.EditorTests.csproj", "{7065a995-41af-d122-7481-faef33321da9}"
EndProject
Project("{FAE04EC0-301F-11D3-BF4B-00C04F79EFBC}") = "Unity.2D.Common.EditorTests", "Unity.2D.Common.EditorTests.csproj", "{a3e1f631-10f7-30eb-f0ed-a8f6c737cf8c}"
EndProject
Project("{FAE04EC0-301F-11D3-BF4B-00C04F79EFBC}") = "Unity.Searcher.EditorTests", "Unity.Searcher.EditorTests.csproj", "{890d3fe1-6c61-315e-3224-f9981a106d08}"
EndProject
Project("{FAE04EC0-301F-11D3-BF4B-00C04F79EFBC}") = "Unity.Collections.PerformanceTests", "Unity.Collections.PerformanceTests.csproj", "{e5cc5ac5-fe11-0d28-9f0b-a0389db107c6}"
EndProject
Project("{FAE04EC0-301F-11D3-BF4B-00C04F79EFBC}") = "DocCodeExamples", "DocCodeExamples.csproj", "{5f048e0c-4586-7567-e35e-a792c045310e}"
EndProject
Project("{FAE04EC0-301F-11D3-BF4B-00C04F79EFBC}") = "Unity.Collections.Tests", "Unity.Collections.Tests.csproj", "{762272e5-b76c-ba54-2704-3ca89a8e85eb}"
EndProject
Project("{FAE04EC0-301F-11D3-BF4B-00C04F79EFBC}") = "Unity.2D.Psdimporter.EditorTests", "Unity.2D.Psdimporter.EditorTests.csproj", "{18d0fced-a077-0808-2ea8-f93aa415d4f7}"
EndProject
Project("{FAE04EC0-301F-11D3-BF4B-00C04F79EFBC}") = "Unity.InputSystem.IntegrationTests", "Unity.InputSystem.IntegrationTests.csproj", "{856c2a8a-8bc5-4b9b-fea9-2e2b3a6cd1df}"
EndProject
Project("{FAE04EC0-301F-11D3-BF4B-00C04F79EFBC}") = "Unity.Collections.Tests.Playmode", "Unity.Collections.Tests.Playmode.csproj", "{49b370a8-8e5f-ba1e-7596-1ce470c350f8}"
EndProject
Project("{FAE04EC0-301F-11D3-BF4B-00C04F79EFBC}") = "Unity.Nuget.Mono-Cecil", "Unity.Nuget.Mono-Cecil.csproj", "{56e3a923-49a4-eb6c-ca36-84381377ccb4}"
EndProject
Project("{FAE04EC0-301F-11D3-BF4B-00C04F79EFBC}") = "Unity.2D.Animation.EditorTests", "Unity.2D.Animation.EditorTests.csproj", "{0936a168-6b06-46c8-0dd2-5c31cd606dba}"
EndProject
Project("{FAE04EC0-301F-11D3-BF4B-00C04F79EFBC}") = "Unity.Collections.BurstCompatibilityGen", "Unity.Collections.BurstCompatibilityGen.csproj", "{af16314f-de36-e874-26e2-0d7819caabc2}"
EndProject
Global
	GlobalSection(SolutionConfigurationPlatforms) = preSolution
		Debug|Any CPU = Debug|Any CPU
	EndGlobalSection
	GlobalSection(ProjectConfigurationPlatforms) = postSolution
		{7cad922c-fa2e-cff0-ffa6-fa4327452630}.Debug|Any CPU.ActiveCfg = Debug|Any CPU
		{7cad922c-fa2e-cff0-ffa6-fa4327452630}.Debug|Any CPU.Build.0 = Debug|Any CPU
		{04faf8b9-6651-7041-cf50-a78053b55569}.Debug|Any CPU.ActiveCfg = Debug|Any CPU
		{04faf8b9-6651-7041-cf50-a78053b55569}.Debug|Any CPU.Build.0 = Debug|Any CPU
		{0a87300e-f520-1b0d-5b9c-d9bf0ecc8310}.Debug|Any CPU.ActiveCfg = Debug|Any CPU
		{0a87300e-f520-1b0d-5b9c-d9bf0ecc8310}.Debug|Any CPU.Build.0 = Debug|Any CPU
		{8d9a1669-2549-5f1d-b15f-8012d03bfc3e}.Debug|Any CPU.ActiveCfg = Debug|Any CPU
		{8d9a1669-2549-5f1d-b15f-8012d03bfc3e}.Debug|Any CPU.Build.0 = Debug|Any CPU
		{b54aae38-d951-1f74-f16f-73381cdaad26}.Debug|Any CPU.ActiveCfg = Debug|Any CPU
		{b54aae38-d951-1f74-f16f-73381cdaad26}.Debug|Any CPU.Build.0 = Debug|Any CPU
		{7991e049-55f3-26c1-91bb-203daab7d83f}.Debug|Any CPU.ActiveCfg = Debug|Any CPU
		{7991e049-55f3-26c1-91bb-203daab7d83f}.Debug|Any CPU.Build.0 = Debug|Any CPU
		{b03c8840-193e-6776-e98e-927085cd1631}.Debug|Any CPU.ActiveCfg = Debug|Any CPU
		{b03c8840-193e-6776-e98e-927085cd1631}.Debug|Any CPU.Build.0 = Debug|Any CPU
		{354f3f23-fedd-3bb6-4c80-0dd3862d5cb3}.Debug|Any CPU.ActiveCfg = Debug|Any CPU
		{354f3f23-fedd-3bb6-4c80-0dd3862d5cb3}.Debug|Any CPU.Build.0 = Debug|Any CPU
		{e39c0875-6ce9-7c92-3950-8d6d329ccba4}.Debug|Any CPU.ActiveCfg = Debug|Any CPU
		{e39c0875-6ce9-7c92-3950-8d6d329ccba4}.Debug|Any CPU.Build.0 = Debug|Any CPU
		{0826dd4f-8ae5-52d0-cda8-8b467c6ccf3c}.Debug|Any CPU.ActiveCfg = Debug|Any CPU
		{0826dd4f-8ae5-52d0-cda8-8b467c6ccf3c}.Debug|Any CPU.Build.0 = Debug|Any CPU
		{24a5836e-2cef-6117-ba23-49a176624aa5}.Debug|Any CPU.ActiveCfg = Debug|Any CPU
		{24a5836e-2cef-6117-ba23-49a176624aa5}.Debug|Any CPU.Build.0 = Debug|Any CPU
		{28aff612-4b20-ee96-5cba-3ca50c29881b}.Debug|Any CPU.ActiveCfg = Debug|Any CPU
		{28aff612-4b20-ee96-5cba-3ca50c29881b}.Debug|Any CPU.Build.0 = Debug|Any CPU
		{a33f5346-257a-50cc-2334-1f473c5a348f}.Debug|Any CPU.ActiveCfg = Debug|Any CPU
		{a33f5346-257a-50cc-2334-1f473c5a348f}.Debug|Any CPU.Build.0 = Debug|Any CPU
		{5d560932-863f-447a-45de-c91cb6d26f21}.Debug|Any CPU.ActiveCfg = Debug|Any CPU
		{5d560932-863f-447a-45de-c91cb6d26f21}.Debug|Any CPU.Build.0 = Debug|Any CPU
		{1417c55d-ba4d-154d-135c-cd4237bb510a}.Debug|Any CPU.ActiveCfg = Debug|Any CPU
		{1417c55d-ba4d-154d-135c-cd4237bb510a}.Debug|Any CPU.Build.0 = Debug|Any CPU
		{e384f09d-ac30-8980-c1cc-472ab19d61f1}.Debug|Any CPU.ActiveCfg = Debug|Any CPU
		{e384f09d-ac30-8980-c1cc-472ab19d61f1}.Debug|Any CPU.Build.0 = Debug|Any CPU
		{84520fbd-3a8d-b528-0ebc-359f8cce0d4b}.Debug|Any CPU.ActiveCfg = Debug|Any CPU
		{84520fbd-3a8d-b528-0ebc-359f8cce0d4b}.Debug|Any CPU.Build.0 = Debug|Any CPU
		{f4105d95-1b0d-9c09-a83c-670f69363a77}.Debug|Any CPU.ActiveCfg = Debug|Any CPU
		{f4105d95-1b0d-9c09-a83c-670f69363a77}.Debug|Any CPU.Build.0 = Debug|Any CPU
		{bc1eb622-85e5-7000-a38d-93ddc01484b1}.Debug|Any CPU.ActiveCfg = Debug|Any CPU
		{bc1eb622-85e5-7000-a38d-93ddc01484b1}.Debug|Any CPU.Build.0 = Debug|Any CPU
		{b7d66904-ef83-9249-1af1-f918368c0bdb}.Debug|Any CPU.ActiveCfg = Debug|Any CPU
		{b7d66904-ef83-9249-1af1-f918368c0bdb}.Debug|Any CPU.Build.0 = Debug|Any CPU
		{7c82e0da-850a-8dd0-74f2-9690c259e99a}.Debug|Any CPU.ActiveCfg = Debug|Any CPU
		{7c82e0da-850a-8dd0-74f2-9690c259e99a}.Debug|Any CPU.Build.0 = Debug|Any CPU
		{6758650b-4d43-95d4-47d4-b3a626ebbbe8}.Debug|Any CPU.ActiveCfg = Debug|Any CPU
		{6758650b-4d43-95d4-47d4-b3a626ebbbe8}.Debug|Any CPU.Build.0 = Debug|Any CPU
		{0a40ec5e-a5c5-84c4-0408-b7c5380d38c5}.Debug|Any CPU.ActiveCfg = Debug|Any CPU
		{0a40ec5e-a5c5-84c4-0408-b7c5380d38c5}.Debug|Any CPU.Build.0 = Debug|Any CPU
		{74014840-b2da-e097-4860-642ce1b5d70e}.Debug|Any CPU.ActiveCfg = Debug|Any CPU
		{74014840-b2da-e097-4860-642ce1b5d70e}.Debug|Any CPU.Build.0 = Debug|Any CPU
		{11713255-4c42-2951-7b14-77949b2ba7c4}.Debug|Any CPU.ActiveCfg = Debug|Any CPU
		{11713255-4c42-2951-7b14-77949b2ba7c4}.Debug|Any CPU.Build.0 = Debug|Any CPU
		{83801ba0-c524-16b8-adad-4d8b8bbd43ad}.Debug|Any CPU.ActiveCfg = Debug|Any CPU
		{83801ba0-c524-16b8-adad-4d8b8bbd43ad}.Debug|Any CPU.Build.0 = Debug|Any CPU
		{d32e62a0-0c22-46c1-8ab6-4ffc258cbea7}.Debug|Any CPU.ActiveCfg = Debug|Any CPU
		{d32e62a0-0c22-46c1-8ab6-4ffc258cbea7}.Debug|Any CPU.Build.0 = Debug|Any CPU
		{1e19bd78-d0a1-ccac-e18e-02599bc10327}.Debug|Any CPU.ActiveCfg = Debug|Any CPU
		{1e19bd78-d0a1-ccac-e18e-02599bc10327}.Debug|Any CPU.Build.0 = Debug|Any CPU
		{fd389154-6618-704d-8968-8ee8596684ad}.Debug|Any CPU.ActiveCfg = Debug|Any CPU
		{fd389154-6618-704d-8968-8ee8596684ad}.Debug|Any CPU.Build.0 = Debug|Any CPU
		{7e30293f-1166-6067-08cf-cba8a88f7326}.Debug|Any CPU.ActiveCfg = Debug|Any CPU
		{7e30293f-1166-6067-08cf-cba8a88f7326}.Debug|Any CPU.Build.0 = Debug|Any CPU
		{97c0c372-c1ce-29a1-a7f8-2bb437a3ed62}.Debug|Any CPU.ActiveCfg = Debug|Any CPU
		{97c0c372-c1ce-29a1-a7f8-2bb437a3ed62}.Debug|Any CPU.Build.0 = Debug|Any CPU
		{aa295c7e-231a-9143-46b2-46ba77f718a6}.Debug|Any CPU.ActiveCfg = Debug|Any CPU
		{aa295c7e-231a-9143-46b2-46ba77f718a6}.Debug|Any CPU.Build.0 = Debug|Any CPU
		{98beb022-3235-bf3a-baca-e8b5b3c83287}.Debug|Any CPU.ActiveCfg = Debug|Any CPU
		{98beb022-3235-bf3a-baca-e8b5b3c83287}.Debug|Any CPU.Build.0 = Debug|Any CPU
		{edefe532-ebf5-0ba0-d95c-6c637e62fd61}.Debug|Any CPU.ActiveCfg = Debug|Any CPU
		{edefe532-ebf5-0ba0-d95c-6c637e62fd61}.Debug|Any CPU.Build.0 = Debug|Any CPU
		{23822bb8-8748-e778-b6be-350d76c760bf}.Debug|Any CPU.ActiveCfg = Debug|Any CPU
		{23822bb8-8748-e778-b6be-350d76c760bf}.Debug|Any CPU.Build.0 = Debug|Any CPU
		{9f55e539-bf4f-a6f8-b47a-e418b0c63d0b}.Debug|Any CPU.ActiveCfg = Debug|Any CPU
		{9f55e539-bf4f-a6f8-b47a-e418b0c63d0b}.Debug|Any CPU.Build.0 = Debug|Any CPU
		{48c23b4b-dbea-e888-adb6-425c85445f40}.Debug|Any CPU.ActiveCfg = Debug|Any CPU
		{48c23b4b-dbea-e888-adb6-425c85445f40}.Debug|Any CPU.Build.0 = Debug|Any CPU
		{0f1f5067-5c85-d750-9ee9-d5d65000a9b5}.Debug|Any CPU.ActiveCfg = Debug|Any CPU
		{0f1f5067-5c85-d750-9ee9-d5d65000a9b5}.Debug|Any CPU.Build.0 = Debug|Any CPU
		{021e3e85-27c7-ffbc-fd15-1de2e8a53ebf}.Debug|Any CPU.ActiveCfg = Debug|Any CPU
		{021e3e85-27c7-ffbc-fd15-1de2e8a53ebf}.Debug|Any CPU.Build.0 = Debug|Any CPU
		{e74aa0a6-0152-325e-8c14-ddc2b012d7e4}.Debug|Any CPU.ActiveCfg = Debug|Any CPU
		{e74aa0a6-0152-325e-8c14-ddc2b012d7e4}.Debug|Any CPU.Build.0 = Debug|Any CPU
		{c49f441d-3f05-f48f-b95a-23770d354c85}.Debug|Any CPU.ActiveCfg = Debug|Any CPU
		{c49f441d-3f05-f48f-b95a-23770d354c85}.Debug|Any CPU.Build.0 = Debug|Any CPU
		{c7dcd9d3-b737-1a1c-a8cf-2a03b041af7f}.Debug|Any CPU.ActiveCfg = Debug|Any CPU
		{c7dcd9d3-b737-1a1c-a8cf-2a03b041af7f}.Debug|Any CPU.Build.0 = Debug|Any CPU
		{6767b9bc-2b6e-6e5f-216e-0b4bb0b530ec}.Debug|Any CPU.ActiveCfg = Debug|Any CPU
		{6767b9bc-2b6e-6e5f-216e-0b4bb0b530ec}.Debug|Any CPU.Build.0 = Debug|Any CPU
		{1bc9ed92-44e9-da80-b79c-69398e5cc3ee}.Debug|Any CPU.ActiveCfg = Debug|Any CPU
		{1bc9ed92-44e9-da80-b79c-69398e5cc3ee}.Debug|Any CPU.Build.0 = Debug|Any CPU
		{b50a5235-d50d-f202-55e2-4ff1e0864b37}.Debug|Any CPU.ActiveCfg = Debug|Any CPU
		{b50a5235-d50d-f202-55e2-4ff1e0864b37}.Debug|Any CPU.Build.0 = Debug|Any CPU
		{f32b75fe-b784-4dfb-54bb-086a8be8b3b1}.Debug|Any CPU.ActiveCfg = Debug|Any CPU
		{f32b75fe-b784-4dfb-54bb-086a8be8b3b1}.Debug|Any CPU.Build.0 = Debug|Any CPU
		{327750fb-9530-388f-2a7a-3afe60f3ff58}.Debug|Any CPU.ActiveCfg = Debug|Any CPU
		{327750fb-9530-388f-2a7a-3afe60f3ff58}.Debug|Any CPU.Build.0 = Debug|Any CPU
		{e5c6a1eb-5508-2136-1574-d82ea40f5faf}.Debug|Any CPU.ActiveCfg = Debug|Any CPU
		{e5c6a1eb-5508-2136-1574-d82ea40f5faf}.Debug|Any CPU.Build.0 = Debug|Any CPU
		{c29b586d-2edf-6ef5-34a5-181741bc3fd9}.Debug|Any CPU.ActiveCfg = Debug|Any CPU
		{c29b586d-2edf-6ef5-34a5-181741bc3fd9}.Debug|Any CPU.Build.0 = Debug|Any CPU
		{5a8049b9-f2e1-a94b-ac52-c748def78773}.Debug|Any CPU.ActiveCfg = Debug|Any CPU
		{5a8049b9-f2e1-a94b-ac52-c748def78773}.Debug|Any CPU.Build.0 = Debug|Any CPU
		{8e024f14-d985-65eb-c4c8-b86a3bf94275}.Debug|Any CPU.ActiveCfg = Debug|Any CPU
		{8e024f14-d985-65eb-c4c8-b86a3bf94275}.Debug|Any CPU.Build.0 = Debug|Any CPU
		{a3f6e73b-e4d0-ccc9-7464-8b03159ec73c}.Debug|Any CPU.ActiveCfg = Debug|Any CPU
		{a3f6e73b-e4d0-ccc9-7464-8b03159ec73c}.Debug|Any CPU.Build.0 = Debug|Any CPU
		{0220f431-1b53-932c-6847-11b45d229b60}.Debug|Any CPU.ActiveCfg = Debug|Any CPU
		{0220f431-1b53-932c-6847-11b45d229b60}.Debug|Any CPU.Build.0 = Debug|Any CPU
		{0fd9ba77-dc58-3d1f-4e60-e034a9bb3fb0}.Debug|Any CPU.ActiveCfg = Debug|Any CPU
		{0fd9ba77-dc58-3d1f-4e60-e034a9bb3fb0}.Debug|Any CPU.Build.0 = Debug|Any CPU
		{57f45b34-a2f0-e925-e6ee-b63695af3d61}.Debug|Any CPU.ActiveCfg = Debug|Any CPU
		{57f45b34-a2f0-e925-e6ee-b63695af3d61}.Debug|Any CPU.Build.0 = Debug|Any CPU
		{7065a995-41af-d122-7481-faef33321da9}.Debug|Any CPU.ActiveCfg = Debug|Any CPU
		{7065a995-41af-d122-7481-faef33321da9}.Debug|Any CPU.Build.0 = Debug|Any CPU
		{a3e1f631-10f7-30eb-f0ed-a8f6c737cf8c}.Debug|Any CPU.ActiveCfg = Debug|Any CPU
		{a3e1f631-10f7-30eb-f0ed-a8f6c737cf8c}.Debug|Any CPU.Build.0 = Debug|Any CPU
		{890d3fe1-6c61-315e-3224-f9981a106d08}.Debug|Any CPU.ActiveCfg = Debug|Any CPU
		{890d3fe1-6c61-315e-3224-f9981a106d08}.Debug|Any CPU.Build.0 = Debug|Any CPU
		{e5cc5ac5-fe11-0d28-9f0b-a0389db107c6}.Debug|Any CPU.ActiveCfg = Debug|Any CPU
		{e5cc5ac5-fe11-0d28-9f0b-a0389db107c6}.Debug|Any CPU.Build.0 = Debug|Any CPU
		{5f048e0c-4586-7567-e35e-a792c045310e}.Debug|Any CPU.ActiveCfg = Debug|Any CPU
		{5f048e0c-4586-7567-e35e-a792c045310e}.Debug|Any CPU.Build.0 = Debug|Any CPU
		{762272e5-b76c-ba54-2704-3ca89a8e85eb}.Debug|Any CPU.ActiveCfg = Debug|Any CPU
		{762272e5-b76c-ba54-2704-3ca89a8e85eb}.Debug|Any CPU.Build.0 = Debug|Any CPU
		{18d0fced-a077-0808-2ea8-f93aa415d4f7}.Debug|Any CPU.ActiveCfg = Debug|Any CPU
		{18d0fced-a077-0808-2ea8-f93aa415d4f7}.Debug|Any CPU.Build.0 = Debug|Any CPU
		{856c2a8a-8bc5-4b9b-fea9-2e2b3a6cd1df}.Debug|Any CPU.ActiveCfg = Debug|Any CPU
		{856c2a8a-8bc5-4b9b-fea9-2e2b3a6cd1df}.Debug|Any CPU.Build.0 = Debug|Any CPU
		{49b370a8-8e5f-ba1e-7596-1ce470c350f8}.Debug|Any CPU.ActiveCfg = Debug|Any CPU
		{49b370a8-8e5f-ba1e-7596-1ce470c350f8}.Debug|Any CPU.Build.0 = Debug|Any CPU
		{56e3a923-49a4-eb6c-ca36-84381377ccb4}.Debug|Any CPU.ActiveCfg = Debug|Any CPU
		{56e3a923-49a4-eb6c-ca36-84381377ccb4}.Debug|Any CPU.Build.0 = Debug|Any CPU
		{0936a168-6b06-46c8-0dd2-5c31cd606dba}.Debug|Any CPU.ActiveCfg = Debug|Any CPU
		{0936a168-6b06-46c8-0dd2-5c31cd606dba}.Debug|Any CPU.Build.0 = Debug|Any CPU
		{af16314f-de36-e874-26e2-0d7819caabc2}.Debug|Any CPU.ActiveCfg = Debug|Any CPU
		{af16314f-de36-e874-26e2-0d7819caabc2}.Debug|Any CPU.Build.0 = Debug|Any CPU
	EndGlobalSection
	GlobalSection(SolutionProperties) = preSolution
		HideSolutionNode = FALSE
	EndGlobalSection
EndGlobal
